
Microsoft Visual Studio Solution File, Format Version 12.00
# Visual Studio Version 16
VisualStudioVersion = 16.0.31410.357
MinimumVisualStudioVersion = 10.0.40219.1
Project("{FAE04EC0-301F-11D3-BF4B-00C04F79EFBC}") = "SysWatch", "SysWatch\SysWatch.csproj", "{431B28BF-E8FC-45B1-BA79-5252C79312CB}"
EndProject
Global
	GlobalSection(SolutionConfigurationPlatforms) = preSolution
		Debug|Any CPU = Debug|Any CPU
		Release|Any CPU = Release|Any CPU
	EndGlobalSection
	GlobalSection(ProjectConfigurationPlatforms) = postSolution
		{431B28BF-E8FC-45B1-BA79-5252C79312CB}.Debug|Any CPU.ActiveCfg = Debug|Any CPU
		{431B28BF-E8FC-45B1-BA79-5252C79312CB}.Debug|Any CPU.Build.0 = Debug|Any CPU
		{431B28BF-E8FC-45B1-BA79-5252C79312CB}.Release|Any CPU.ActiveCfg = Release|Any CPU
		{431B28BF-E8FC-45B1-BA79-5252C79312CB}.Release|Any CPU.Build.0 = Release|Any CPU
	EndGlobalSection
	GlobalSection(SolutionProperties) = preSolution
		HideSolutionNode = FALSE
	EndGlobalSection
	GlobalSection(ExtensibilityGlobals) = postSolution
		SolutionGuid = {06734EB5-859E-4DDF-AD57-197A41F6EA1D}
	EndGlobalSection
EndGlobal
